
Microsoft Visual Studio Solution File, Format Version 12.00
# Visual Studio Version 17
VisualStudioVersion = 17.5.002.0
MinimumVisualStudioVersion = 10.0.40219.1
Project("{9A19103F-16F7-4668-BE54-9A1E7A4F7556}") = "MREL", "MREL.csproj", "{64DBF4EB-3DEC-449E-BFAB-198CE70426FC}"
EndProject
Global
	GlobalSection(SolutionConfigurationPlatforms) = preSolution
		Debug|Any CPU = Debug|Any CPU
		Release|Any CPU = Release|Any CPU
	EndGlobalSection
	GlobalSection(ProjectConfigurationPlatforms) = postSolution
		{64DBF4EB-3DEC-449E-BFAB-198CE70426FC}.Debug|Any CPU.ActiveCfg = Debug|Any CPU
		{64DBF4EB-3DEC-449E-BFAB-198CE70426FC}.Debug|Any CPU.Build.0 = Debug|Any CPU
		{64DBF4EB-3DEC-449E-BFAB-198CE70426FC}.Release|Any CPU.ActiveCfg = Release|Any CPU
		{64DBF4EB-3DEC-449E-BFAB-198CE70426FC}.Release|Any CPU.Build.0 = Release|Any CPU
	EndGlobalSection
	GlobalSection(SolutionProperties) = preSolution
		HideSolutionNode = FALSE
	EndGlobalSection
	GlobalSection(ExtensibilityGlobals) = postSolution
		SolutionGuid = {DD1C7E68-A42A-4BF4-BAC9-AEA2C3492A3E}
	EndGlobalSection
EndGlobal
